
Microsoft Visual Studio Solution File, Format Version 12.00
# Visual Studio Version 17
VisualStudioVersion = 17.4.33213.308
MinimumVisualStudioVersion = 10.0.40219.1
Project("{9A19103F-16F7-4668-BE54-9A1E7A4F7556}") = "WebApp", "WebApp\WebApp.csproj", "{D38C5DEA-5391-43A7-B7F6-33B91DBEF93B}"
EndProject
Project("{FAE04EC0-301F-11D3-BF4B-00C04F79EFBC}") = "Domain", "Domain\Domain.csproj", "{A6747F9F-D548-44FA-BB29-93D4DBA7063E}"
EndProject
Project("{FAE04EC0-301F-11D3-BF4B-00C04F79EFBC}") = "Application", "Application\Application.csproj", "{F2D06A62-7CD8-4F06-B4B1-677A696E85AD}"
EndProject
Project("{FAE04EC0-301F-11D3-BF4B-00C04F79EFBC}") = "Infrastructure", "Infrastructure\Infrastructure.csproj", "{32F178C0-15EE-4EFF-8F4D-4A2F836582B7}"
EndProject
Global
	GlobalSection(SolutionConfigurationPlatforms) = preSolution
		Debug|Any CPU = Debug|Any CPU
		Release|Any CPU = Release|Any CPU
	EndGlobalSection
	GlobalSection(ProjectConfigurationPlatforms) = postSolution
		{D38C5DEA-5391-43A7-B7F6-33B91DBEF93B}.Debug|Any CPU.ActiveCfg = Debug|Any CPU
		{D38C5DEA-5391-43A7-B7F6-33B91DBEF93B}.Debug|Any CPU.Build.0 = Debug|Any CPU
		{D38C5DEA-5391-43A7-B7F6-33B91DBEF93B}.Release|Any CPU.ActiveCfg = Release|Any CPU
		{D38C5DEA-5391-43A7-B7F6-33B91DBEF93B}.Release|Any CPU.Build.0 = Release|Any CPU
		{A6747F9F-D548-44FA-BB29-93D4DBA7063E}.Debug|Any CPU.ActiveCfg = Debug|Any CPU
		{A6747F9F-D548-44FA-BB29-93D4DBA7063E}.Debug|Any CPU.Build.0 = Debug|Any CPU
		{A6747F9F-D548-44FA-BB29-93D4DBA7063E}.Release|Any CPU.ActiveCfg = Release|Any CPU
		{A6747F9F-D548-44FA-BB29-93D4DBA7063E}.Release|Any CPU.Build.0 = Release|Any CPU
		{F2D06A62-7CD8-4F06-B4B1-677A696E85AD}.Debug|Any CPU.ActiveCfg = Debug|Any CPU
		{F2D06A62-7CD8-4F06-B4B1-677A696E85AD}.Debug|Any CPU.Build.0 = Debug|Any CPU
		{F2D06A62-7CD8-4F06-B4B1-677A696E85AD}.Release|Any CPU.ActiveCfg = Release|Any CPU
		{F2D06A62-7CD8-4F06-B4B1-677A696E85AD}.Release|Any CPU.Build.0 = Release|Any CPU
		{32F178C0-15EE-4EFF-8F4D-4A2F836582B7}.Debug|Any CPU.ActiveCfg = Debug|Any CPU
		{32F178C0-15EE-4EFF-8F4D-4A2F836582B7}.Debug|Any CPU.Build.0 = Debug|Any CPU
		{32F178C0-15EE-4EFF-8F4D-4A2F836582B7}.Release|Any CPU.ActiveCfg = Release|Any CPU
		{32F178C0-15EE-4EFF-8F4D-4A2F836582B7}.Release|Any CPU.Build.0 = Release|Any CPU
	EndGlobalSection
	GlobalSection(SolutionProperties) = preSolution
		HideSolutionNode = FALSE
	EndGlobalSection
	GlobalSection(ExtensibilityGlobals) = postSolution
		SolutionGuid = {F7B58E21-0B39-4CEA-A136-7C7A7745DD83}
	EndGlobalSection
EndGlobal
