
Microsoft Visual Studio Solution File, Format Version 12.00
# Visual Studio Version 17
VisualStudioVersion = 17.4.33213.308
MinimumVisualStudioVersion = 10.0.40219.1
Project("{FAE04EC0-301F-11D3-BF4B-00C04F79EFBC}") = "WebApp", "WebApp\WebApp.csproj", "{D38C5DEA-5391-43A7-B7F6-33B91DBEF93B}"
EndProject
Global
	GlobalSection(SolutionConfigurationPlatforms) = preSolution
		Debug|Any CPU = Debug|Any CPU
		Release|Any CPU = Release|Any CPU
	EndGlobalSection
	GlobalSection(ProjectConfigurationPlatforms) = postSolution
		{D38C5DEA-5391-43A7-B7F6-33B91DBEF93B}.Debug|Any CPU.ActiveCfg = Debug|Any CPU
		{D38C5DEA-5391-43A7-B7F6-33B91DBEF93B}.Debug|Any CPU.Build.0 = Debug|Any CPU
		{D38C5DEA-5391-43A7-B7F6-33B91DBEF93B}.Release|Any CPU.ActiveCfg = Release|Any CPU
		{D38C5DEA-5391-43A7-B7F6-33B91DBEF93B}.Release|Any CPU.Build.0 = Release|Any CPU
	EndGlobalSection
	GlobalSection(SolutionProperties) = preSolution
		HideSolutionNode = FALSE
	EndGlobalSection
	GlobalSection(ExtensibilityGlobals) = postSolution
		SolutionGuid = {F7B58E21-0B39-4CEA-A136-7C7A7745DD83}
	EndGlobalSection
EndGlobal
